// !$*UTF8*$!
{
	archiveVersion = 1;
	classes = {
	};
	objectVersion = 46;
	objects = {

/* Begin PBXBuildFile section */
		AA82479E15CE94D0001927D5 /* UIKit.framework in Frameworks */ = {isa = PBXBuildFile; fileRef = AA82479D15CE94D0001927D5 /* UIKit.framework */; };
		AA8247A015CE94D0001927D5 /* Foundation.framework in Frameworks */ = {isa = PBXBuildFile; fileRef = AA82479F15CE94D0001927D5 /* Foundation.framework */; };
		AA8247A215CE94D0001927D5 /* CoreGraphics.framework in Frameworks */ = {isa = PBXBuildFile; fileRef = AA8247A115CE94D0001927D5 /* CoreGraphics.framework */; };
		AA8247A815CE94D0001927D5 /* InfoPlist.strings in Resources */ = {isa = PBXBuildFile; fileRef = AA8247A615CE94D0001927D5 /* InfoPlist.strings */; };
		AA8247AA15CE94D0001927D5 /* main.m in Sources */ = {isa = PBXBuildFile; fileRef = AA8247A915CE94D0001927D5 /* main.m */; };
		AA8247AE15CE94D0001927D5 /* AppDelegate.m in Sources */ = {isa = PBXBuildFile; fileRef = AA8247AD15CE94D0001927D5 /* AppDelegate.m */; };
		AA8247B115CE94D0001927D5 /* MainStoryboard.storyboard in Resources */ = {isa = PBXBuildFile; fileRef = AA8247AF15CE94D0001927D5 /* MainStoryboard.storyboard */; };
		AA8247B415CE94D0001927D5 /* ViewController.m in Sources */ = {isa = PBXBuildFile; fileRef = AA8247B315CE94D0001927D5 /* ViewController.m */; };
/* End PBXBuildFile section */

/* Begin PBXFileReference section */
		AA82479915CE94D0001927D5 /* Ej1T15.app */ = {isa = PBXFileReference; explicitFileType = wrapper.application; includeInIndex = 0; path = Ej1T15.app; sourceTree = BUILT_PRODUCTS_DIR; };
		AA82479D15CE94D0001927D5 /* UIKit.framework */ = {isa = PBXFileReference; lastKnownFileType = wrapper.framework; name = UIKit.framework; path = System/Library/Frameworks/UIKit.framework; sourceTree = SDKROOT; };
		AA82479F15CE94D0001927D5 /* Foundation.framework */ = {isa = PBXFileReference; lastKnownFileType = wrapper.framework; name = Foundation.framework; path = System/Library/Frameworks/Foundation.framework; sourceTree = SDKROOT; };
		AA8247A115CE94D0001927D5 /* CoreGraphics.framework */ = {isa = PBXFileReference; lastKnownFileType = wrapper.framework; name = CoreGraphics.framework; path = System/Library/Frameworks/CoreGraphics.framework; sourceTree = SDKROOT; };
		AA8247A515CE94D0001927D5 /* Ej1T15-Info.plist */ = {isa = PBXFileReference; lastKnownFileType = text.plist.xml; path = "Ej1T15-Info.plist"; sourceTree = "<group>"; };
		AA8247A715CE94D0001927D5 /* en */ = {isa = PBXFileReference; lastKnownFileType = text.plist.strings; name = en; path = en.lproj/InfoPlist.strings; sourceTree = "<group>"; };
		AA8247A915CE94D0001927D5 /* main.m */ = {isa = PBXFileReference; lastKnownFileType = sourcecode.c.objc; path = main.m; sourceTree = "<group>"; };
		AA8247AB15CE94D0001927D5 /* Ej1T15-Prefix.pch */ = {isa = PBXFileReference; lastKnownFileType = sourcecode.c.h; path = "Ej1T15-Prefix.pch"; sourceTree = "<group>"; };
		AA8247AC15CE94D0001927D5 /* AppDelegate.h */ = {isa = PBXFileReference; lastKnownFileType = sourcecode.c.h; path = AppDelegate.h; sourceTree = "<group>"; };
		AA8247AD15CE94D0001927D5 /* AppDelegate.m */ = {isa = PBXFileReference; lastKnownFileType = sourcecode.c.objc; path = AppDelegate.m; sourceTree = "<group>"; };
		AA8247B015CE94D0001927D5 /* en */ = {isa = PBXFileReference; lastKnownFileType = file.storyboard; name = en; path = en.lproj/MainStoryboard.storyboard; sourceTree = "<group>"; };
		AA8247B215CE94D0001927D5 /* ViewController.h */ = {isa = PBXFileReference; lastKnownFileType = sourcecode.c.h; path = ViewController.h; sourceTree = "<group>"; };
		AA8247B315CE94D0001927D5 /* ViewController.m */ = {isa = PBXFileReference; lastKnownFileType = sourcecode.c.objc; path = ViewController.m; sourceTree = "<group>"; };
/* End PBXFileReference section */

/* Begin PBXFrameworksBuildPhase section */
		AA82479615CE94D0001927D5 /* Frameworks */ = {
			isa = PBXFrameworksBuildPhase;
			buildActionMask = 2147483647;
			files = (
				AA82479E15CE94D0001927D5 /* UIKit.framework in Frameworks */,
				AA8247A015CE94D0001927D5 /* Foundation.framework in Frameworks */,
				AA8247A215CE94D0001927D5 /* CoreGraphics.framework in Frameworks */,
			);
			runOnlyForDeploymentPostprocessing = 0;
		};
/* End PBXFrameworksBuildPhase section */

/* Begin PBXGroup section */
		AA82478E15CE94CF001927D5 = {
			isa = PBXGroup;
			children = (
				AA8247A315CE94D0001927D5 /* Ej1T15 */,
				AA82479C15CE94D0001927D5 /* Frameworks */,
				AA82479A15CE94D0001927D5 /* Products */,
			);
			sourceTree = "<group>";
		};
		AA82479A15CE94D0001927D5 /* Products */ = {
			isa = PBXGroup;
			children = (
				AA82479915CE94D0001927D5 /* Ej1T15.app */,
			);
			name = Products;
			sourceTree = "<group>";
		};
		AA82479C15CE94D0001927D5 /* Frameworks */ = {
			isa = PBXGroup;
			children = (
				AA82479D15CE94D0001927D5 /* UIKit.framework */,
				AA82479F15CE94D0001927D5 /* Foundation.framework */,
				AA8247A115CE94D0001927D5 /* CoreGraphics.framework */,
			);
			name = Frameworks;
			sourceTree = "<group>";
		};
		AA8247A315CE94D0001927D5 /* Ej1T15 */ = {
			isa = PBXGroup;
			children = (
				AA8247AC15CE94D0001927D5 /* AppDelegate.h */,
				AA8247AD15CE94D0001927D5 /* AppDelegate.m */,
				AA8247AF15CE94D0001927D5 /* MainStoryboard.storyboard */,
				AA8247B215CE94D0001927D5 /* ViewController.h */,
				AA8247B315CE94D0001927D5 /* ViewController.m */,
				AA8247A415CE94D0001927D5 /* Supporting Files */,
			);
			path = Ej1T15;
			sourceTree = "<group>";
		};
		AA8247A415CE94D0001927D5 /* Supporting Files */ = {
			isa = PBXGroup;
			children = (
				AA8247A515CE94D0001927D5 /* Ej1T15-Info.plist */,
				AA8247A615CE94D0001927D5 /* InfoPlist.strings */,
				AA8247A915CE94D0001927D5 /* main.m */,
				AA8247AB15CE94D0001927D5 /* Ej1T15-Prefix.pch */,
			);
			name = "Supporting Files";
			sourceTree = "<group>";
		};
/* End PBXGroup section */

/* Begin PBXNativeTarget section */
		AA82479815CE94D0001927D5 /* Ej1T15 */ = {
			isa = PBXNativeTarget;
			buildConfigurationList = AA8247B715CE94D0001927D5 /* Build configuration list for PBXNativeTarget "Ej1T15" */;
			buildPhases = (
				AA82479515CE94D0001927D5 /* Sources */,
				AA82479615CE94D0001927D5 /* Frameworks */,
				AA82479715CE94D0001927D5 /* Resources */,
			);
			buildRules = (
			);
			dependencies = (
			);
			name = Ej1T15;
			productName = Ej1T15;
			productReference = AA82479915CE94D0001927D5 /* Ej1T15.app */;
			productType = "com.apple.product-type.application";
		};
/* End PBXNativeTarget section */

/* Begin PBXProject section */
		AA82479015CE94CF001927D5 /* Project object */ = {
			isa = PBXProject;
			attributes = {
				LastUpgradeCheck = 0430;
			};
			buildConfigurationList = AA82479315CE94CF001927D5 /* Build configuration list for PBXProject "Ej1T15" */;
			compatibilityVersion = "Xcode 3.2";
			developmentRegion = English;
			hasScannedForEncodings = 0;
			knownRegions = (
				en,
			);
			mainGroup = AA82478E15CE94CF001927D5;
			productRefGroup = AA82479A15CE94D0001927D5 /* Products */;
			projectDirPath = "";
			projectRoot = "";
			targets = (
				AA82479815CE94D0001927D5 /* Ej1T15 */,
			);
		};
/* End PBXProject section */

/* Begin PBXResourcesBuildPhase section */
		AA82479715CE94D0001927D5 /* Resources */ = {
			isa = PBXResourcesBuildPhase;
			buildActionMask = 2147483647;
			files = (
				AA8247A815CE94D0001927D5 /* InfoPlist.strings in Resources */,
				AA8247B115CE94D0001927D5 /* MainStoryboard.storyboard in Resources */,
			);
			runOnlyForDeploymentPostprocessing = 0;
		};
/* End PBXResourcesBuildPhase section */

/* Begin PBXSourcesBuildPhase section */
		AA82479515CE94D0001927D5 /* Sources */ = {
			isa = PBXSourcesBuildPhase;
			buildActionMask = 2147483647;
			files = (
				AA8247AA15CE94D0001927D5 /* main.m in Sources */,
				AA8247AE15CE94D0001927D5 /* AppDelegate.m in Sources */,
				AA8247B415CE94D0001927D5 /* ViewController.m in Sources */,
			);
			runOnlyForDeploymentPostprocessing = 0;
		};
/* End PBXSourcesBuildPhase section */

/* Begin PBXVariantGroup section */
		AA8247A615CE94D0001927D5 /* InfoPlist.strings */ = {
			isa = PBXVariantGroup;
			children = (
				AA8247A715CE94D0001927D5 /* en */,
			);
			name = InfoPlist.strings;
			sourceTree = "<group>";
		};
		AA8247AF15CE94D0001927D5 /* MainStoryboard.storyboard */ = {
			isa = PBXVariantGroup;
			children = (
				AA8247B015CE94D0001927D5 /* en */,
			);
			name = MainStoryboard.storyboard;
			sourceTree = "<group>";
		};
/* End PBXVariantGroup section */

/* Begin XCBuildConfiguration section */
		AA8247B515CE94D0001927D5 /* Debug */ = {
			isa = XCBuildConfiguration;
			buildSettings = {
				ALWAYS_SEARCH_USER_PATHS = NO;
				ARCHS = "$(ARCHS_STANDARD_32_BIT)";
				CLANG_ENABLE_OBJC_ARC = YES;
				"CODE_SIGN_IDENTITY[sdk=iphoneos*]" = "iPhone Developer";
				COPY_PHASE_STRIP = NO;
				GCC_C_LANGUAGE_STANDARD = gnu99;
				GCC_DYNAMIC_NO_PIC = NO;
				GCC_OPTIMIZATION_LEVEL = 0;
				GCC_PREPROCESSOR_DEFINITIONS = (
					"DEBUG=1",
					"$(inherited)",
				);
				GCC_SYMBOLS_PRIVATE_EXTERN = NO;
				GCC_VERSION = com.apple.compilers.llvm.clang.1_0;
				GCC_WARN_ABOUT_RETURN_TYPE = YES;
				GCC_WARN_UNINITIALIZED_AUTOS = YES;
				GCC_WARN_UNUSED_VARIABLE = YES;
				IPHONEOS_DEPLOYMENT_TARGET = 5.1;
				SDKROOT = iphoneos;
			};
			name = Debug;
		};
		AA8247B615CE94D0001927D5 /* Release */ = {
			isa = XCBuildConfiguration;
			buildSettings = {
				ALWAYS_SEARCH_USER_PATHS = NO;
				ARCHS = "$(ARCHS_STANDARD_32_BIT)";
				CLANG_ENABLE_OBJC_ARC = YES;
				"CODE_SIGN_IDENTITY[sdk=iphoneos*]" = "iPhone Developer";
				COPY_PHASE_STRIP = YES;
				GCC_C_LANGUAGE_STANDARD = gnu99;
				GCC_VERSION = com.apple.compilers.llvm.clang.1_0;
				GCC_WARN_ABOUT_RETURN_TYPE = YES;
				GCC_WARN_UNINITIALIZED_AUTOS = YES;
				GCC_WARN_UNUSED_VARIABLE = YES;
				IPHONEOS_DEPLOYMENT_TARGET = 5.1;
				OTHER_CFLAGS = "-DNS_BLOCK_ASSERTIONS=1";
				SDKROOT = iphoneos;
				VALIDATE_PRODUCT = YES;
			};
			name = Release;
		};
		AA8247B815CE94D0001927D5 /* Debug */ = {
			isa = XCBuildConfiguration;
			buildSettings = {
				GCC_PRECOMPILE_PREFIX_HEADER = YES;
				GCC_PREFIX_HEADER = "Ej1T15/Ej1T15-Prefix.pch";
				INFOPLIST_FILE = "Ej1T15/Ej1T15-Info.plist";
				PRODUCT_NAME = "$(TARGET_NAME)";
				WRAPPER_EXTENSION = app;
			};
			name = Debug;
		};
		AA8247B915CE94D0001927D5 /* Release */ = {
			isa = XCBuildConfiguration;
			buildSettings = {
				GCC_PRECOMPILE_PREFIX_HEADER = YES;
				GCC_PREFIX_HEADER = "Ej1T15/Ej1T15-Prefix.pch";
				INFOPLIST_FILE = "Ej1T15/Ej1T15-Info.plist";
				PRODUCT_NAME = "$(TARGET_NAME)";
				WRAPPER_EXTENSION = app;
			};
			name = Release;
		};
/* End XCBuildConfiguration section */

/* Begin XCConfigurationList section */
		AA82479315CE94CF001927D5 /* Build configuration list for PBXProject "Ej1T15" */ = {
			isa = XCConfigurationList;
			buildConfigurations = (
				AA8247B515CE94D0001927D5 /* Debug */,
				AA8247B615CE94D0001927D5 /* Release */,
			);
			defaultConfigurationIsVisible = 0;
			defaultConfigurationName = Release;
		};
		AA8247B715CE94D0001927D5 /* Build configuration list for PBXNativeTarget "Ej1T15" */ = {
			isa = XCConfigurationList;
			buildConfigurations = (
				AA8247B815CE94D0001927D5 /* Debug */,
				AA8247B915CE94D0001927D5 /* Release */,
			);
			defaultConfigurationIsVisible = 0;
		};
/* End XCConfigurationList section */
	};
	rootObject = AA82479015CE94CF001927D5 /* Project object */;
}
